
Microsoft Visual Studio Solution File, Format Version 12.00
# Visual Studio Version 17
VisualStudioVersion = 17.4.33110.190
MinimumVisualStudioVersion = 10.0.40219.1
Project("{FAE04EC0-301F-11D3-BF4B-00C04F79EFBC}") = "AppDefnParser", "AppDefnParser.csproj", "{B5748F08-54A6-4746-83EF-6AEBD99E5AE3}"
EndProject
Global
	GlobalSection(SolutionConfigurationPlatforms) = preSolution
		Debug|Any CPU = Debug|Any CPU
		Release|Any CPU = Release|Any CPU
	EndGlobalSection
	GlobalSection(ProjectConfigurationPlatforms) = postSolution
		{B5748F08-54A6-4746-83EF-6AEBD99E5AE3}.Debug|Any CPU.ActiveCfg = Debug|Any CPU
		{B5748F08-54A6-4746-83EF-6AEBD99E5AE3}.Debug|Any CPU.Build.0 = Debug|Any CPU
		{B5748F08-54A6-4746-83EF-6AEBD99E5AE3}.Release|Any CPU.ActiveCfg = Release|Any CPU
		{B5748F08-54A6-4746-83EF-6AEBD99E5AE3}.Release|Any CPU.Build.0 = Release|Any CPU
	EndGlobalSection
	GlobalSection(SolutionProperties) = preSolution
		HideSolutionNode = FALSE
	EndGlobalSection
	GlobalSection(ExtensibilityGlobals) = postSolution
		SolutionGuid = {ADBDC2B8-FECD-440E-906D-A1FEB4B88BCA}
	EndGlobalSection
EndGlobal
